
Microsoft Visual Studio Solution File, Format Version 12.00
# Visual Studio Version 17
VisualStudioVersion = 17.2.32526.322
MinimumVisualStudioVersion = 10.0.40219.1
Project("{FAE04EC0-301F-11D3-BF4B-00C04F79EFBC}") = "SistemasComputadoras.Modelos", "SistemasComputadoras.Modelos\SistemasComputadoras.Modelos.csproj", "{696886A5-1490-4B2B-ADF5-DF0190BC05EF}"
EndProject
Project("{FAE04EC0-301F-11D3-BF4B-00C04F79EFBC}") = "SistemasComputadoras.DAL", "SistemasComputadoras.DAL\SistemasComputadoras.DAL.csproj", "{2176B120-5220-4C2A-AA1B-58EDB98DEA09}"
EndProject
Project("{FAE04EC0-301F-11D3-BF4B-00C04F79EFBC}") = "SistemasComputadoras.BSS", "SistemasComputadoras.BSS\SistemasComputadoras.BSS.csproj", "{CD426D2C-9A78-4BF6-8DFD-F78E201D3AEC}"
EndProject
Project("{FAE04EC0-301F-11D3-BF4B-00C04F79EFBC}") = "SistemasComputadoras.VISTA", "SistemasComputadoras.VISTA\SistemasComputadoras.VISTA.csproj", "{9BCD333D-A1D2-4507-8576-C92D35A72F96}"
EndProject
Global
	GlobalSection(SolutionConfigurationPlatforms) = preSolution
		Debug|Any CPU = Debug|Any CPU
		Release|Any CPU = Release|Any CPU
	EndGlobalSection
	GlobalSection(ProjectConfigurationPlatforms) = postSolution
		{696886A5-1490-4B2B-ADF5-DF0190BC05EF}.Debug|Any CPU.ActiveCfg = Debug|Any CPU
		{696886A5-1490-4B2B-ADF5-DF0190BC05EF}.Debug|Any CPU.Build.0 = Debug|Any CPU
		{696886A5-1490-4B2B-ADF5-DF0190BC05EF}.Release|Any CPU.ActiveCfg = Release|Any CPU
		{696886A5-1490-4B2B-ADF5-DF0190BC05EF}.Release|Any CPU.Build.0 = Release|Any CPU
		{2176B120-5220-4C2A-AA1B-58EDB98DEA09}.Debug|Any CPU.ActiveCfg = Debug|Any CPU
		{2176B120-5220-4C2A-AA1B-58EDB98DEA09}.Debug|Any CPU.Build.0 = Debug|Any CPU
		{2176B120-5220-4C2A-AA1B-58EDB98DEA09}.Release|Any CPU.ActiveCfg = Release|Any CPU
		{2176B120-5220-4C2A-AA1B-58EDB98DEA09}.Release|Any CPU.Build.0 = Release|Any CPU
		{CD426D2C-9A78-4BF6-8DFD-F78E201D3AEC}.Debug|Any CPU.ActiveCfg = Debug|Any CPU
		{CD426D2C-9A78-4BF6-8DFD-F78E201D3AEC}.Debug|Any CPU.Build.0 = Debug|Any CPU
		{CD426D2C-9A78-4BF6-8DFD-F78E201D3AEC}.Release|Any CPU.ActiveCfg = Release|Any CPU
		{CD426D2C-9A78-4BF6-8DFD-F78E201D3AEC}.Release|Any CPU.Build.0 = Release|Any CPU
		{9BCD333D-A1D2-4507-8576-C92D35A72F96}.Debug|Any CPU.ActiveCfg = Debug|Any CPU
		{9BCD333D-A1D2-4507-8576-C92D35A72F96}.Debug|Any CPU.Build.0 = Debug|Any CPU
		{9BCD333D-A1D2-4507-8576-C92D35A72F96}.Release|Any CPU.ActiveCfg = Release|Any CPU
		{9BCD333D-A1D2-4507-8576-C92D35A72F96}.Release|Any CPU.Build.0 = Release|Any CPU
	EndGlobalSection
	GlobalSection(SolutionProperties) = preSolution
		HideSolutionNode = FALSE
	EndGlobalSection
	GlobalSection(ExtensibilityGlobals) = postSolution
		SolutionGuid = {2579F183-399B-495A-945A-2676E80EB6EE}
	EndGlobalSection
EndGlobal
